
Microsoft Visual Studio Solution File, Format Version 12.00
# Visual Studio Version 17
VisualStudioVersion = 17.14.37027.9 d17.14
MinimumVisualStudioVersion = 10.0.40219.1
Project("{FAE04EC0-301F-11D3-BF4B-00C04F79EFBC}") = "MasterFinder", "MasterFinder\MasterFinder.csproj", "{1BEB2DE4-1E97-4A5B-B14B-4ABF1D1DA151}"
EndProject
Project("{2150E333-8FDC-42A3-9474-1A3956D46DE8}") = "Domain", "Domain", "{36D591C7-65C7-A0D1-1CBC-10CDE441BDC8}"
EndProject
Project("{2150E333-8FDC-42A3-9474-1A3956D46DE8}") = "MasterFinder.Domain", "MasterFinder.Domain", "{BDA67A1D-E8F0-4832-A123-2AB7731655B7}"
EndProject
Project("{2150E333-8FDC-42A3-9474-1A3956D46DE8}") = "Entities", "Entities", "{A929C61A-473F-4935-8E6F-6665892E8E70}"
	ProjectSection(SolutionItems) = preProject
		Customers.cs = Customers.cs
		Executors.cs = Executors.cs
		Executions.cs = Executions.cs
		Orders.cs = Orders.cs
		Responses.cs = Responses.cs
	EndProjectSection
EndProject
Project("{2150E333-8FDC-42A3-9474-1A3956D46DE8}") = "Enums", "Enums", "{4B510756-EF17-413E-ABFC-DC18AB9463C5}"
	ProjectSection(SolutionItems) = preProject
		OrdersStatus.cs = OrdersStatus.cs
		ResponsesStatus.cs = ResponsesStatus.cs
	EndProjectSection
EndProject
Global
	GlobalSection(SolutionConfigurationPlatforms) = preSolution
		Debug|Any CPU = Debug|Any CPU
		Release|Any CPU = Release|Any CPU
	EndGlobalSection
	GlobalSection(ProjectConfigurationPlatforms) = postSolution
		{1BEB2DE4-1E97-4A5B-B14B-4ABF1D1DA151}.Debug|Any CPU.ActiveCfg = Debug|Any CPU
		{1BEB2DE4-1E97-4A5B-B14B-4ABF1D1DA151}.Debug|Any CPU.Build.0 = Debug|Any CPU
		{1BEB2DE4-1E97-4A5B-B14B-4ABF1D1DA151}.Release|Any CPU.ActiveCfg = Release|Any CPU
		{1BEB2DE4-1E97-4A5B-B14B-4ABF1D1DA151}.Release|Any CPU.Build.0 = Release|Any CPU
	EndGlobalSection
	GlobalSection(SolutionProperties) = preSolution
		HideSolutionNode = FALSE
	EndGlobalSection
	GlobalSection(NestedProjects) = preSolution
		{BDA67A1D-E8F0-4832-A123-2AB7731655B7} = {36D591C7-65C7-A0D1-1CBC-10CDE441BDC8}
		{A929C61A-473F-4935-8E6F-6665892E8E70} = {BDA67A1D-E8F0-4832-A123-2AB7731655B7}
		{4B510756-EF17-413E-ABFC-DC18AB9463C5} = {BDA67A1D-E8F0-4832-A123-2AB7731655B7}
	EndGlobalSection
	GlobalSection(ExtensibilityGlobals) = postSolution
		SolutionGuid = {C10E4229-1744-4AF5-AF99-ACCD4F55000C}
	EndGlobalSection
EndGlobal
